---
lockfileVersion: '9.0'

importers:

  .:
    configDependencies: {}
    packageManagerDependencies:
      '@pnpm/exe':
        specifier: ^11.18.0
        version: 11.20.0
      pnpm:
        specifier: ^11.18.0
        version: 11.20.0

packages:

  '@pnpm/exe@11.20.0':
    resolution: {integrity: sha512-6ZiImENLhgpKifw3CltPmwSMhFLgSeEsNjJQvxFs5uu0mjqH6Rq6f7FDA1J7lBPOerxctUstMu3n+KA2qrWRlA==}
    hasBin: true

  '@pnpm/linux-arm64@11.20.0':
    resolution: {integrity: sha512-yrly8s9sGVKaHyO1soLP1z12YmOKOM0wNnVsKAEfeOoPsFkuf+3116kb4ysDlY8PZ5xJ9KDv+UXgDNOew7c7RA==}
    cpu: [arm64]
    os: [linux]

  '@pnpm/linux-x64@11.20.0':
    resolution: {integrity: sha512-B97xRRGMktHsPzIpEgK1BuCUtO3mwUTMpVW9fV+BoY/giCCoJvgTvZTqyY8gTKSNmiPrp7Twwn5Em0r04k2fAw==}
    cpu: [x64]
    os: [linux]

  '@pnpm/linuxstatic-arm64@11.20.0':
    resolution: {integrity: sha512-pdgQdxExyVLPNedhXH6RFHYCabXzfA4gU21JFWa+aXVSKI49QA817FzfjLed+hlHL+JMH7HQZvooqw3VdvLTzQ==}
    cpu: [arm64]
    os: [linux]
    libc: [musl]

  '@pnpm/linuxstatic-x64@11.20.0':
    resolution: {integrity: sha512-n1pyBbXenYQJFi8nQ5Z0h4eUd9CTzbVFfnhODqYl27xqRxu8yODx5NzpCBfCczczcedCUU9NPq9McH0KtK7gyA==}
    cpu: [x64]
    os: [linux]
    libc: [musl]

  '@pnpm/macos-arm64@11.20.0':
    resolution: {integrity: sha512-tGuwiSQWvNxKEnABtAWWLhoL3ACE6DKZstYRNjMIFouNZqHy8PsQGFnBMoKiSqtGEx7EQ7sLa+bpJsb7y6bXoA==}
    cpu: [arm64]
    os: [darwin]

  '@pnpm/win-arm64@11.20.0':
    resolution: {integrity: sha512-F4GacJqJaRDxgkpUsfefRcMC6jgrjYUnhDc/mfPPUvWUe3ioLm5LSdjyvtTbbIs8d/nojMQyV9H1PS1w7pFshg==}
    cpu: [arm64]
    os: [win32]

  '@pnpm/win-x64@11.20.0':
    resolution: {integrity: sha512-0Db1+7D7TtvYT0ecBRhkaD8YSMcVyiArOtWqvm0UrIu8l7wWx9FgP/8NKbpg9qKHi00UxsLd03AVPl9hx2BzSw==}
    cpu: [x64]
    os: [win32]

  '@reflink/reflink-darwin-arm64@0.1.19':
    resolution: {integrity: sha512-ruy44Lpepdk1FqDz38vExBY/PVUsjxZA+chd9wozjUH9JjuDT/HEaQYA6wYN9mf041l0yLVar6BCZuWABJvHSA==}
    engines: {node: '>= 10'}
    cpu: [arm64]
    os: [darwin]

  '@reflink/reflink-darwin-x64@0.1.19':
    resolution: {integrity: sha512-By85MSWrMZa+c26TcnAy8SDk0sTUkYlNnwknSchkhHpGXOtjNDUOxJE9oByBnGbeuIE1PiQsxDG3Ud+IVV9yuA==}
    engines: {node: '>= 10'}
    cpu: [x64]
    os: [darwin]

  '@reflink/reflink-linux-arm64-gnu@0.1.19':
    resolution: {integrity: sha512-7P+er8+rP9iNeN+bfmccM4hTAaLP6PQJPKWSA4iSk2bNvo6KU6RyPgYeHxXmzNKzPVRcypZQTpFgstHam6maVg==}
    engines: {node: '>= 10'}
    cpu: [arm64]
    os: [linux]
    libc: [glibc]

  '@reflink/reflink-linux-arm64-musl@0.1.19':
    resolution: {integrity: sha512-37iO/Dp6m5DDaC2sf3zPtx/hl9FV3Xze4xoYidrxxS9bgP3S8ALroxRK6xBG/1TtfXKTvolvp+IjrUU6ujIGmA==}
    engines: {node: '>= 10'}
    cpu: [arm64]
    os: [linux]
    libc: [musl]

  '@reflink/reflink-linux-x64-gnu@0.1.19':
    resolution: {integrity: sha512-jbI8jvuYCaA3MVUdu8vLoLAFqC+iNMpiSuLbxlAgg7x3K5bsS8nOpTRnkLF7vISJ+rVR8W+7ThXlXlUQ93ulkw==}
    engines: {node: '>= 10'}
    cpu: [x64]
    os: [linux]
    libc: [glibc]

  '@reflink/reflink-linux-x64-musl@0.1.19':
    resolution: {integrity: sha512-e9FBWDe+lv7QKAwtKOt6A2W/fyy/aEEfr0g6j/hWzvQcrzHCsz07BNQYlNOjTfeytrtLU7k449H1PI95jA4OjQ==}
    engines: {node: '>= 10'}
    cpu: [x64]
    os: [linux]
    libc: [musl]

  '@reflink/reflink-win32-arm64-msvc@0.1.19':
    resolution: {integrity: sha512-09PxnVIQcd+UOn4WAW73WU6PXL7DwGS6wPlkMhMg2zlHHG65F3vHepOw06HFCq+N42qkaNAc8AKIabWvtk6cIQ==}
    engines: {node: '>= 10'}
    cpu: [arm64]
    os: [win32]

  '@reflink/reflink-win32-x64-msvc@0.1.19':
    resolution: {integrity: sha512-E//yT4ni2SyhwP8JRjVGWr3cbnhWDiPLgnQ66qqaanjjnMiu3O/2tjCPQXlcGc/DEYofpDc9fvhv6tALQsMV9w==}
    engines: {node: '>= 10'}
    cpu: [x64]
    os: [win32]

  '@reflink/reflink@0.1.19':
    resolution: {integrity: sha512-DmCG8GzysnCZ15bres3N5AHCmwBwYgp0As6xjhQ47rAUTUXxJiK+lLUxaGsX3hd/30qUpVElh05PbGuxRPgJwA==}
    engines: {node: '>= 10'}

  detect-libc@2.1.2:
    resolution: {integrity: sha512-Btj2BOOO83o3WyH59e8MgXsxEQVcarkUOpEYrubB0urwnN10yQ364rsiByU11nZlqWYZm05i/of7io4mzihBtQ==}
    engines: {node: '>=8'}

  pnpm@11.20.0:
    resolution: {integrity: sha512-mm8zCpW2ZEbqCI+vFSFAWooB8H/ecSTMmVjf7VLUu0NnN+ZbCPhfN7Rvy6N1CSVYrFEmK4FoRLIvY0Bu0Wa/7g==}
    engines: {node: '>=22.13'}
    hasBin: true

snapshots:

  '@pnpm/exe@11.20.0':
    dependencies:
      '@reflink/reflink': 0.1.19
      detect-libc: 2.1.2
    optionalDependencies:
      '@pnpm/linux-arm64': 11.20.0
      '@pnpm/linux-x64': 11.20.0
      '@pnpm/linuxstatic-arm64': 11.20.0
      '@pnpm/linuxstatic-x64': 11.20.0
      '@pnpm/macos-arm64': 11.20.0
      '@pnpm/win-arm64': 11.20.0
      '@pnpm/win-x64': 11.20.0

  '@pnpm/linux-arm64@11.20.0':
    optional: true

  '@pnpm/linux-x64@11.20.0':
    optional: true

  '@pnpm/linuxstatic-arm64@11.20.0':
    optional: true

  '@pnpm/linuxstatic-x64@11.20.0':
    optional: true

  '@pnpm/macos-arm64@11.20.0':
    optional: true

  '@pnpm/win-arm64@11.20.0':
    optional: true

  '@pnpm/win-x64@11.20.0':
    optional: true

  '@reflink/reflink-darwin-arm64@0.1.19':
    optional: true

  '@reflink/reflink-darwin-x64@0.1.19':
    optional: true

  '@reflink/reflink-linux-arm64-gnu@0.1.19':
    optional: true

  '@reflink/reflink-linux-arm64-musl@0.1.19':
    optional: true

  '@reflink/reflink-linux-x64-gnu@0.1.19':
    optional: true

  '@reflink/reflink-linux-x64-musl@0.1.19':
    optional: true

  '@reflink/reflink-win32-arm64-msvc@0.1.19':
    optional: true

  '@reflink/reflink-win32-x64-msvc@0.1.19':
    optional: true

  '@reflink/reflink@0.1.19':
    optionalDependencies:
      '@reflink/reflink-darwin-arm64': 0.1.19
      '@reflink/reflink-darwin-x64': 0.1.19
      '@reflink/reflink-linux-arm64-gnu': 0.1.19
      '@reflink/reflink-linux-arm64-musl': 0.1.19
      '@reflink/reflink-linux-x64-gnu': 0.1.19
      '@reflink/reflink-linux-x64-musl': 0.1.19
      '@reflink/reflink-win32-arm64-msvc': 0.1.19
      '@reflink/reflink-win32-x64-msvc': 0.1.19

  detect-libc@2.1.2: {}

  pnpm@11.20.0: {}

---
lockfileVersion: '9.0'

settings:
  autoInstallPeers: true
  excludeLinksFromLockfile: false

importers:

  .:
    devDependencies:
      tsdown:
        specifier: latest
        version: 0.22.14(publint@0.3.22)(typescript@5.9.3)
      tslib:
        specifier: ^2.8.1
        version: 2.8.1
      typescript:
        specifier: ^5.7.2
        version: 5.9.3

packages:

  '@oxc-project/types@0.142.0':
    resolution: {integrity: sha512-7W+2q5AKQVU36fkaryontrHn3YDt1RyUYXatw9i5H8ocYe2sPKSFB6eS8WNPeRKiN1qAWWZUPm7gwFzJGrccqQ==}

  '@publint/pack@0.1.6':
    resolution: {integrity: sha512-3uVNyGcVplhPZSLVyeIpL7+cIRn1YCSNHLG/rUIlBQMVH8YuN9++YF+5+UDIIO9RW98dujiUoTltO7RDB5bFJA==}
    engines: {node: '>=18'}

  '@quansync/fs@1.0.0':
    resolution: {integrity: sha512-4TJ3DFtlf1L5LDMaM6CanJ/0lckGNtJcMjQ1NAV6zDmA0tEHKZtxNKin8EgPaVX1YzljbxckyT2tJrpQKAtngQ==}

  '@rolldown/binding-android-arm64@1.2.2':
    resolution: {integrity: sha512-l7x215OGvo1s52JWmR8U/DAVzEDWBCIbTm28aeJV/WDTSHgcKXaZTuBT0hJMs5NggilfJTW3clZVvd24yfKJxA==}
    engines: {node: ^20.19.0 || >=22.12.0}
    cpu: [arm64]
    os: [android]

  '@rolldown/binding-darwin-arm64@1.2.2':
    resolution: {integrity: sha512-9u9Xv6c1AJZT0FfwH5vrMG5Jjcwhc1MlyrPu0XfTqkzsmqfks2M6W/o5XwAJgVVN/jHpqqngC1WevHKKTIUtIA==}
    engines: {node: ^20.19.0 || >=22.12.0}
    cpu: [arm64]
    os: [darwin]

  '@rolldown/binding-darwin-x64@1.2.2':
    resolution: {integrity: sha512-9W1mbGZAfW3oqd85bhBkmpyHCCzL1TeG/zFFP3vg7b0rlly8cxOcre5nXwz+LHazCwac2MNWgPdPCHndABjpWQ==}
    engines: {node: ^20.19.0 || >=22.12.0}
    cpu: [x64]
    os: [darwin]

  '@rolldown/binding-freebsd-x64@1.2.2':
    resolution: {integrity: sha512-0p1lhiCSCyaerFwtrdZQUx7NqGk6LQnaRKWX7tFQqwQgvX0rjM15cIkm3pax1UpEakK14C4mOxx/jSqCBdBRqQ==}
    engines: {node: ^20.19.0 || >=22.12.0}
    cpu: [x64]
    os: [freebsd]

  '@rolldown/binding-linux-arm-gnueabihf@1.2.2':
    resolution: {integrity: sha512-e+cOJXrJ2L3zx6YzqPg+f6Wbk3V1cKB8bOhbaYdVYN3DdquzNdRAmrbETz1qnt5yp/c7JNlNjmITiA2cVneQ7w==}
    engines: {node: ^20.19.0 || >=22.12.0}
    cpu: [arm]
    os: [linux]

  '@rolldown/binding-linux-arm64-gnu@1.2.2':
    resolution: {integrity: sha512-JsSMsj6sNat/MuhG5fnBD7QgbtpHKVe30x5/bAVirDHdhoQRXJkF6xc0Jqk8O4fiCUQAzMOoH9wZi3m60c8wtg==}
    engines: {node: ^20.19.0 || >=22.12.0}
    cpu: [arm64]
    os: [linux]
    libc: [glibc]

  '@rolldown/binding-linux-arm64-musl@1.2.2':
    resolution: {integrity: sha512-B5G/zJdHaoJn9vD50eGHWkiWfmq8Uhi3IiLPJTzmZTrAalk1bztUikSXo0qga18ibE0IXboyeMUnhPjhAJ45wQ==}
    engines: {node: ^20.19.0 || >=22.12.0}
    cpu: [arm64]
    os: [linux]
    libc: [musl]

  '@rolldown/binding-linux-ppc64-gnu@1.2.2':
    resolution: {integrity: sha512-6mC/awzKka8W6EoekjegpfGkjz8jXWDX63pqu/HYVpyKtZfu65Jsh4QAH3Kej3CAv/c1oGX7psTmFEbr0mDxLA==}
    engines: {node: ^20.19.0 || >=22.12.0}
    cpu: [ppc64]
    os: [linux]
    libc: [glibc]

  '@rolldown/binding-linux-s390x-gnu@1.2.2':
    resolution: {integrity: sha512-412MX9fJLdA1IK28EZnc8jYv2HRTleOZgfLQumJ5zy7OeJLZlg/CETwFaXjNmGVxG51cFHpKLqb5LKvBC+HsHA==}
    engines: {node: ^20.19.0 || >=22.12.0}
    cpu: [s390x]
    os: [linux]
    libc: [glibc]

  '@rolldown/binding-linux-x64-gnu@1.2.2':
    resolution: {integrity: sha512-Q/+HI/ToJafZ1iCqGgVQXUEkIjufHCTF0gBQ2a5o3cg7GJ2h0qyq3nvvSmU+bGda2/7ygXpTY4TM6gO9OhQ0ZA==}
    engines: {node: ^20.19.0 || >=22.12.0}
    cpu: [x64]
    os: [linux]
    libc: [glibc]

  '@rolldown/binding-linux-x64-musl@1.2.2':
    resolution: {integrity: sha512-ZKp/w41n6wCvxzxQHtQSbuphfX3Y4cCvbjkKHusrLx4lh+JWLTU7StSltO/DKARISzbj368d+qUaCjI8K2wzXw==}
    engines: {node: ^20.19.0 || >=22.12.0}
    cpu: [x64]
    os: [linux]
    libc: [musl]

  '@rolldown/binding-openharmony-arm64@1.2.2':
    resolution: {integrity: sha512-pxE6xD4KS3eAROkKK5yrhB9/3+vhlhVGMvlQLbdpzrBGDbKrnzx3RLwPaHvasLo6jgaiBLn7e04Df9C4tYhjmA==}
    engines: {node: ^20.19.0 || >=22.12.0}
    cpu: [arm64]
    os: [openharmony]

  '@rolldown/binding-win32-arm64-msvc@1.2.2':
    resolution: {integrity: sha512-4MqEue5re+xIZzAWsB8sj0P1kqZySWqIuN4t6QaIO/YA6SFwySOLruvWQFzfmqk8LBK2P30KCSJwf6mJCZZ5/A==}
    engines: {node: ^20.19.0 || >=22.12.0}
    cpu: [arm64]
    os: [win32]

  '@rolldown/binding-win32-x64-msvc@1.2.2':
    resolution: {integrity: sha512-NweNxxD0Nf9t8v7kodun45Ijp3EIwYY+uydPP6qBEYvfBqhIjN6dZMzlQja3tqX/aLs3F3Uz+AxDpKgRhpOZQg==}
    engines: {node: ^20.19.0 || >=22.12.0}
    cpu: [x64]
    os: [win32]

  '@rolldown/pluginutils@1.0.1':
    resolution: {integrity: sha512-2j9bGt5Jh8hj+vPtgzPtl72j0yRxHAyumoo6TNfAjsLB04UtpSvPbPcDcBMxz7n+9CYB0c1GxQFxYRg2jimqGw==}

  '@yuku-codegen/binding-android-arm64@0.8.3':
    resolution: {integrity: sha512-/EKnnqwvN7xYoVDhQEIEJTdPDwGW1wkFz/2Eku3ES/IJd4lcQh/OaIDFBmoJKvpe12enrb1TIoYh1fxasGXolA==}
    cpu: [arm64]
    os: [android]

  '@yuku-codegen/binding-darwin-arm64@0.8.3':
    resolution: {integrity: sha512-DFAOliF5YIPv3ayNHGOJhIun6Af4kMaL/YXxf8ZtD1qrOIMFnX/AQBhwfvLalhwmmxuGA8AUteaKRHBvdKZFVA==}
    cpu: [arm64]
    os: [darwin]

  '@yuku-codegen/binding-darwin-x64@0.8.3':
    resolution: {integrity: sha512-WlMh4/oEibaTzE9j5Zq8qnsrH4Ii4kWdcDv/Pj2Rb/MYSrKghtg+bxbWpPe/6zJD21p9zZBApQUxl8ECpZOJuQ==}
    cpu: [x64]
    os: [darwin]

  '@yuku-codegen/binding-freebsd-x64@0.8.3':
    resolution: {integrity: sha512-hoDOpPP0FTxPSD+6w0Gs4p8iL1yXe6jjIXcdzNxyT1KE6B3JI6O0gTIWQISJ+8QyNpNjIwBb7nHCdRavktJM6A==}
    cpu: [x64]
    os: [freebsd]

  '@yuku-codegen/binding-linux-arm-gnu@0.8.3':
    resolution: {integrity: sha512-nNW0GGMJyF04pK4A7Kq7WAYtUWU9uI5ugDAoXl9yHpd3IIZ8UI+zFlM01e+ZGWnQcdxYYLumeRe/EjzZT9bVfQ==}
    cpu: [arm]
    os: [linux]
    libc: [glibc]

  '@yuku-codegen/binding-linux-arm-musl@0.8.3':
    resolution: {integrity: sha512-/jpxKhO8AV5TmXgT3R2Gv3YctKRUhyDzd5bQw8TiJ3O4z7qerHzoW2kE40fPAO3L434/IZtZbdhr8HuOqiwECA==}
    cpu: [arm]
    os: [linux]
    libc: [musl]

  '@yuku-codegen/binding-linux-arm64-gnu@0.8.3':
    resolution: {integrity: sha512-CYhLJfnCknabfLvUjsanxC5s3BBtZHUwfzdDL7GcqShIRQh2qqgG7pPfFrFJ6Jp56kkjKXkfluFGn9nnIv0nZg==}
    cpu: [arm64]
    os: [linux]
    libc: [glibc]

  '@yuku-codegen/binding-linux-arm64-musl@0.8.3':
    resolution: {integrity: sha512-c6gEdnI0MgA7/rVw6CACMciSbAcxVwLyD/jSBbMLWUeqqbysCNGrGPAHdpSaadpz3W1bd+OdXt9XWjfm66708w==}
    cpu: [arm64]
    os: [linux]
    libc: [musl]

  '@yuku-codegen/binding-linux-x64-gnu@0.8.3':
    resolution: {integrity: sha512-CRVZ9Rw5lIah/PpWeShWv7XiUCMY15N6rZRA2sEZrQvc5Az7Dv9/wsDMa6oBMkfQLXuDkFo4G1QOYyWbebjejg==}
    cpu: [x64]
    os: [linux]
    libc: [glibc]

  '@yuku-codegen/binding-linux-x64-musl@0.8.3':
    resolution: {integrity: sha512-G12Nhecjmv7OlbCX6Y4HU4wYYePd111kTE+yTjbitnt+P3m8bNegtYG4ZGo4scGTq8cKsLF4xcda1XNzCUA6nQ==}
    cpu: [x64]
    os: [linux]
    libc: [musl]

  '@yuku-codegen/binding-win32-arm64@0.8.3':
    resolution: {integrity: sha512-i8bpXWaMlik9DvFl+89emEx3RZFtSd21Vlt0UrnPvUC7h8NGElP2SwQcdcG+pPmihFIYJAoIuJLw7YdQcFcDkA==}
    cpu: [arm64]
    os: [win32]

  '@yuku-codegen/binding-win32-x64@0.8.3':
    resolution: {integrity: sha512-vlYymeTSsx+qxZoNvdl6KehgYDaQC4Sk/9KUnM3V2mriyCwSdhW7lqdpQGl+RLGsDTxyuRGjzGIjgRWk3lohmA==}
    cpu: [x64]
    os: [win32]

  '@yuku-parser/binding-android-arm64@0.8.3':
    resolution: {integrity: sha512-vySYRsMeul9ssvxeHdxgS9ZUIcq7gqljWNqgokjJE0uQWvVvOprihJ6hOsiifVqWsla0BMc3vAFBvNS9QqCw7g==}
    cpu: [arm64]
    os: [android]

  '@yuku-parser/binding-darwin-arm64@0.8.3':
    resolution: {integrity: sha512-+wpB/wqhiZ685Y77I+lj6v9pHSAJ3Y+QMHJmvch0Q0ahIMbNwtKk3s54MhtjCMKO1qpjPbyN/PjuHDg2hbKaVQ==}
    cpu: [arm64]
    os: [darwin]

  '@yuku-parser/binding-darwin-x64@0.8.3':
    resolution: {integrity: sha512-jKqiWejj4zVy7pPtEGu4/Ty+pG1h7ooQOXIkm7shKZTSwTU9X8X+eoH11uIeKHZi2SQWV0GhNz0J56eerseysQ==}
    cpu: [x64]
    os: [darwin]

  '@yuku-parser/binding-freebsd-x64@0.8.3':
    resolution: {integrity: sha512-FC7zSwzFzd4z9bsId07CiHLR+Iw6yW/LzIQhL5AUtPUuVXLgEyx0rilgbRUYkl1CT3GJcLpkh63WuPZUSgCDzw==}
    cpu: [x64]
    os: [freebsd]

  '@yuku-parser/binding-linux-arm-gnu@0.8.3':
    resolution: {integrity: sha512-So61j88b9/ygDnUPlWCm1EUPw4HSxAyDjrNHKgud5N3aRDQ3kw94nW7TriXbo7GBXID9oBHCMNm1r1Fof/Df5Q==}
    cpu: [arm]
    os: [linux]
    libc: [glibc]

  '@yuku-parser/binding-linux-arm-musl@0.8.3':
    resolution: {integrity: sha512-Nmnn20yJvSSKL8ZdtqReBRSGCDkSMqR5jEk/Sk/cdIdZmqVD49Z6M7w2GbMjdrxMI1MBPbsWFMMWxa93cd5t5g==}
    cpu: [arm]
    os: [linux]
    libc: [musl]

  '@yuku-parser/binding-linux-arm64-gnu@0.8.3':
    resolution: {integrity: sha512-Lfgw7AXJ0rxu6BMPGgfc8HLJWEIr8BHhCzcQp/75k+NM90uCLkHlBNqIg/K42KlSvBgAvu9euOvjdswib+4qJA==}
    cpu: [arm64]
    os: [linux]
    libc: [glibc]

  '@yuku-parser/binding-linux-arm64-musl@0.8.3':
    resolution: {integrity: sha512-cfRyu87xsJ0tFkHNsnMC4Rq6+xsFJ6i2dc4VAH52d2qLvykEJU/Mdi3ul1O2PyOApX/LoLT3uQZ0fWs3D5XE4w==}
    cpu: [arm64]
    os: [linux]
    libc: [musl]

  '@yuku-parser/binding-linux-x64-gnu@0.8.3':
    resolution: {integrity: sha512-GcQQCUuYxbm6P1n+io/A50rvWKDeWHutIp6rW0ycDOZuEQjOb8hDVgS88+NDyOnd9FfS0/Z6GXopcRFDyKpzOg==}
    cpu: [x64]
    os: [linux]
    libc: [glibc]

  '@yuku-parser/binding-linux-x64-musl@0.8.3':
    resolution: {integrity: sha512-rMkImBGZzg7GZlj8krYtdiezyjYI4igjKWMut5T65jHyNWFigMQrEpn9mDIBflloW9FKhGE3mN6yTZ/N+4HRwg==}
    cpu: [x64]
    os: [linux]
    libc: [musl]

  '@yuku-parser/binding-win32-arm64@0.8.3':
    resolution: {integrity: sha512-/2Pl2cAzCXWxah8FqJapEj/ikpt9cEutEZFCa0hnbfrshkn5+C+aBM3ZDq62d1jsgQjBMmqr5HVhJUA4OAG/Tg==}
    cpu: [arm64]
    os: [win32]

  '@yuku-parser/binding-win32-x64@0.8.3':
    resolution: {integrity: sha512-Ntnvjoan9jnfLhn7Kn3h8j/bhsbVdQSVmKUqFULKtmwImLCJVHOJbLL4qbEJyrOQ7r/FBL1/c/dRvx/AQWzzXg==}
    cpu: [x64]
    os: [win32]

  '@yuku-toolchain/types@0.8.3':
    resolution: {integrity: sha512-9LN3HYs3A9qSPVFunsxlbfwBcUgexti3TmhOzIxB/UH8zFuaHQJXTRDcN17DW6cp1GsyZtiZA7f18uIra36Jag==}

  ansis@4.3.1:
    resolution: {integrity: sha512-BJ8/l4R5LRE7hW9WdSuGYrLSHi2ynxeFpDFbH0K/CgNeY/tyhk+vO6TYxXC5r5CpUhNVX310xzPsN/H9lCdfOA==}
    engines: {node: '>=14'}

  cac@7.0.0:
    resolution: {integrity: sha512-tixWYgm5ZoOD+3g6UTea91eow5z6AAHaho3g0V9CNSNb45gM8SmflpAc+GRd1InC4AqN/07Unrgp56Y94N9hJQ==}
    engines: {node: '>=20.19.0'}

  defu@6.1.7:
    resolution: {integrity: sha512-7z22QmUWiQ/2d0KkdYmANbRUVABpZ9SNYyH5vx6PZ+nE5bcC0l7uFvEfHlyld/HcGBFTL536ClDt3DEcSlEJAQ==}

  dts-resolver@3.0.0:
    resolution: {integrity: sha512-1T1f+z+4tl9XD+m+0HBgWoL/nm0bOIffyWaUuUSBlFg/86IWvfx+wjNaO/ybU0AJzG9/Mi5hBUgGV6zCmWEN7Q==}
    engines: {node: ^22.18.0 || >=24.0.0}
    peerDependencies:
      oxc-resolver: '>=11.0.0'
    peerDependenciesMeta:
      oxc-resolver:
        optional: true

  empathic@2.0.1:
    resolution: {integrity: sha512-YGRs8knHhKHVShLkFET/rWAU8kmHbOV5LwN938RHI0pljAJ1Gf6SzXsSmRaEzcXTtOOmVqJ5+WtQPL5uigY50Q==}
    engines: {node: '>=14'}

  fdir@6.5.0:
    resolution: {integrity: sha512-tIbYtZbucOs0BRGqPJkshJUYdL+SDH7dVM8gjy+ERp3WAUjLEFJE+02kanyHtwjWOnwrKYBiwAmM0p4kLJAnXg==}
    engines: {node: '>=12.0.0'}
    peerDependencies:
      picomatch: ^3 || ^4
    peerDependenciesMeta:
      picomatch:
        optional: true

  get-tsconfig@5.0.0-beta.5:
    resolution: {integrity: sha512-/6gFNr0N04nob252sTQxyFLi3eKFRqIg1I87YcqAMT1i6SQrSF6KujUEQrtrjMV0H/eejTCltLdDSTEMzHbnsQ==}
    engines: {node: '>=20.20.0'}

  hookable@6.1.1:
    resolution: {integrity: sha512-U9LYDy1CwhMCnprUfeAZWZGByVbhd54hwepegYTK7Pi5NvqEj63ifz5z+xukznehT7i6NIZRu89Ay1AZmRsLEQ==}

  import-without-cache@0.4.0:
    resolution: {integrity: sha512-NkJQA7oZ4YHQhd2+H3BoRFKF3d/XNsiKpHZCQEMH9pDX27hQQLsTyOocyRgaIVtf8gHX3Nt3LPkR4e5EdtPAGQ==}
    engines: {node: ^22.18.0 || >=24.0.0}

  mri@1.2.0:
    resolution: {integrity: sha512-tzzskb3bG8LvYGFF/mDTpq3jpI6Q9wc3LEmBaghu+DdCssd1FakN7Bc0hVNmEyGq1bq3RgfkCb3cmQLpNPOroA==}
    engines: {node: '>=4'}

  obug@2.1.4:
    resolution: {integrity: sha512-4a+OsYv9UktOJKE+l1A4OufDgdRF9PifWj+tJnHURo/P+WOxpG4GzUFL9qCalmWauao6ogiG+QvnCovwPoyAWA==}
    engines: {node: '>=12.20.0'}

  package-manager-detector@1.8.0:
    resolution: {integrity: sha512-yQA4H19AmPEoMUeavPMDIe1higySl/gH/yaQrkT/s07Qp+7pp2hYz30N3z2l5BkjVkF9Ow6o0wjJamm2y7Sn0A==}

  picocolors@1.1.1:
    resolution: {integrity: sha512-xceH2snhtb5M9liqDsmEw56le376mTZkEX/jEb/RxNFyegNul7eNslCXP9FDj/Lcu0X8KEyMceP2ntpaHrDEVA==}

  picomatch@4.0.5:
    resolution: {integrity: sha512-RvwwcruNjI1ncT5xRakeyS9Lf8lcItv34KD+aif+VH9kduAyfYBipGh12274xtenIPZ119/R9BdTBa8gAwSh0A==}
    engines: {node: '>=12'}

  publint@0.3.22:
    resolution: {integrity: sha512-6Z/scsr5CA7APdwyF35EY88CqgDj1textWuY788DVTJYPCWVv/Wn9G6KmLnrVRnStgYcahqN4wCDLZGSbQJ69w==}
    engines: {node: '>=18'}
    hasBin: true

  quansync@1.0.0:
    resolution: {integrity: sha512-5xZacEEufv3HSTPQuchrvV6soaiACMFnq1H8wkVioctoH3TRha9Sz66lOxRwPK/qZj7HPiSveih9yAyh98gvqA==}

  resolve-pkg-maps@1.0.0:
    resolution: {integrity: sha512-seS2Tj26TBVOC2NIc2rOe2y2ZO7efxITtLZcGSOnHHNOQ7CkiUBfw0Iw2ck6xkIhPwLhKNLS8BO+hEpngQlqzw==}

  rolldown-plugin-dts@0.27.14:
    resolution: {integrity: sha512-ZvuDDwoIpRK9RPxDXratCpklFO9QZZWndf/sd0VBFb4LEj0jj07UcHK9OCh7V4XiFz2Z89ziyBC2K6tJiDjrbw==}
    engines: {node: ^22.18.0 || >=24.11.0}
    peerDependencies:
      '@typescript/native-preview': '*'
      '@volar/typescript': ~2.4.0
      rolldown: ^1.0.0
      typescript: ^5.0.0 || ^6.0.0 || ~7.0.0
      vue-tsc: ~3.2.0 || ~3.3.0
    peerDependenciesMeta:
      '@typescript/native-preview':
        optional: true
      '@volar/typescript':
        optional: true
      typescript:
        optional: true
      vue-tsc:
        optional: true

  rolldown@1.2.2:
    resolution: {integrity: sha512-opwpo1tQBAcpSUJDt94B7hhLNGOKjCdE//XXjeLrnx9b83bjnw45tXdg1b09yEw/VLFBJGZpwRULMmOZo7ol+A==}
    engines: {node: ^20.19.0 || >=22.12.0}
    hasBin: true

  sade@1.8.1:
    resolution: {integrity: sha512-xal3CZX1Xlo/k4ApwCFrHVACi9fBqJ7V+mwhBsuf/1IOKbBy098Fex+Wa/5QMubw09pSZ/u8EY8PWgevJsXp1A==}
    engines: {node: '>=6'}

  tinyexec@1.3.0:
    resolution: {integrity: sha512-QKAl9m8gWWGHV8jZcPeym6j+XULi6tOf1mT83WYJ4Lk2ytW/uwAWkrP0uFsdoYMdueVJ0qs26wZ+23xeB4ibNQ==}
    engines: {node: '>=18'}

  tinyglobby@0.2.17:
    resolution: {integrity: sha512-wXR/dYpcqKmfWpEdZjiKJOwCNFndD0DMnrW/cYjVGttEkBfVgcLFHoNrlj47mjOVic9yyNu65alsgF4NQyTa2g==}
    engines: {node: '>=12.0.0'}

  tree-kill@1.2.2:
    resolution: {integrity: sha512-L0Orpi8qGpRG//Nd+H90vFB+3iHnue1zSSGmNOOCh1GLJ7rUKVwV2HvijphGQS2UmhUZewS9VgvxYIdgr+fG1A==}
    hasBin: true

  tsdown@0.22.14:
    resolution: {integrity: sha512-ule7Y+fsAN2iZbLDoo7C4KYljFJNJJ+fLshyn+9gozeTspVersWHxwdGB+Dm2hzA38s6muFnUTl0jK3vJm9ifQ==}
    engines: {node: ^22.18.0 || >=24.11.0}
    hasBin: true
    peerDependencies:
      '@arethetypeswrong/core': ^0.18.1
      '@tsdown/css': 0.22.14
      '@tsdown/exe': 0.22.14
      '@vitejs/devtools': '*'
      publint: ^0.3.8
      tsx: '*'
      typescript: ^5.0.0 || ^6.0.0 || ^7.0.0
      unplugin-unused: ^0.5.0
      unrun: '*'
    peerDependenciesMeta:
      '@arethetypeswrong/core':
        optional: true
      '@tsdown/css':
        optional: true
      '@tsdown/exe':
        optional: true
      '@vitejs/devtools':
        optional: true
      publint:
        optional: true
      tsx:
        optional: true
      typescript:
        optional: true
      unplugin-unused:
        optional: true
      unrun:
        optional: true

  tslib@2.8.1:
    resolution: {integrity: sha512-oJFu94HQb+KVduSUQL7wnpmqnfmLsOA/nAh6b6EH0wCEoK0/mPeXU6c3wKDV83MkOuHPRHtSXKKU99IBazS/2w==}

  typescript@5.9.3:
    resolution: {integrity: sha512-jl1vZzPDinLr9eUt3J/t7V6FgNEw9QjvBPdysz9KfQDD41fQrC2Y4vKQdiaUpFT4bXlb1RHhLpp8wtm6M5TgSw==}
    engines: {node: '>=14.17'}
    hasBin: true

  unconfig-core@7.5.0:
    resolution: {integrity: sha512-Su3FauozOGP44ZmKdHy2oE6LPjk51M/TRRjHv2HNCWiDvfvCoxC2lno6jevMA91MYAdCdwP05QnWdWpSbncX/w==}

  verkit@0.3.1:
    resolution: {integrity: sha512-w2Eo8LSIIoW7qxNBzT7/17k+bh8plXo7G3dHjEIDqPlnluhzaxr9JX8F28VSYEtDvc1/a3WBDih6xNUZseebXg==}
    engines: {node: '>=18.12.0'}

  yuku-ast@0.8.3:
    resolution: {integrity: sha512-8x34yU5uhHUnJXzy2Qvjvec/vE9BzS0/2khVT1MsLmSLO/P8Q1Wp8IxHv+IhD+HMYETk6kherOSvP4JPWw2joQ==}

  yuku-codegen@0.8.3:
    resolution: {integrity: sha512-okdo5bb+TfebQa4JOjz9QxeT34D6CcBxu8dxaPUdFEKRdLkp+D2Fah2OanepK+XTyPXdmAJzAo9iXvYvZ/5rmg==}

  yuku-parser@0.8.3:
    resolution: {integrity: sha512-KPQcpF9aj77ywlJBIkQWCQ9DObdxnCA8AJdUOmA5CZZx042Xt4+dvbQmPJfWxF3E+KG5dVAZ2fBKuDJ8VsKWgA==}

snapshots:

  '@oxc-project/types@0.142.0': {}

  '@publint/pack@0.1.6':
    dependencies:
      tinyexec: 1.3.0
    optional: true

  '@quansync/fs@1.0.0':
    dependencies:
      quansync: 1.0.0

  '@rolldown/binding-android-arm64@1.2.2':
    optional: true

  '@rolldown/binding-darwin-arm64@1.2.2':
    optional: true

  '@rolldown/binding-darwin-x64@1.2.2':
    optional: true

  '@rolldown/binding-freebsd-x64@1.2.2':
    optional: true

  '@rolldown/binding-linux-arm-gnueabihf@1.2.2':
    optional: true

  '@rolldown/binding-linux-arm64-gnu@1.2.2':
    optional: true

  '@rolldown/binding-linux-arm64-musl@1.2.2':
    optional: true

  '@rolldown/binding-linux-ppc64-gnu@1.2.2':
    optional: true

  '@rolldown/binding-linux-s390x-gnu@1.2.2':
    optional: true

  '@rolldown/binding-linux-x64-gnu@1.2.2':
    optional: true

  '@rolldown/binding-linux-x64-musl@1.2.2':
    optional: true

  '@rolldown/binding-openharmony-arm64@1.2.2':
    optional: true

  '@rolldown/binding-win32-arm64-msvc@1.2.2':
    optional: true

  '@rolldown/binding-win32-x64-msvc@1.2.2':
    optional: true

  '@rolldown/pluginutils@1.0.1': {}

  '@yuku-codegen/binding-android-arm64@0.8.3':
    optional: true

  '@yuku-codegen/binding-darwin-arm64@0.8.3':
    optional: true

  '@yuku-codegen/binding-darwin-x64@0.8.3':
    optional: true

  '@yuku-codegen/binding-freebsd-x64@0.8.3':
    optional: true

  '@yuku-codegen/binding-linux-arm-gnu@0.8.3':
    optional: true

  '@yuku-codegen/binding-linux-arm-musl@0.8.3':
    optional: true

  '@yuku-codegen/binding-linux-arm64-gnu@0.8.3':
    optional: true

  '@yuku-codegen/binding-linux-arm64-musl@0.8.3':
    optional: true

  '@yuku-codegen/binding-linux-x64-gnu@0.8.3':
    optional: true

  '@yuku-codegen/binding-linux-x64-musl@0.8.3':
    optional: true

  '@yuku-codegen/binding-win32-arm64@0.8.3':
    optional: true

  '@yuku-codegen/binding-win32-x64@0.8.3':
    optional: true

  '@yuku-parser/binding-android-arm64@0.8.3':
    optional: true

  '@yuku-parser/binding-darwin-arm64@0.8.3':
    optional: true

  '@yuku-parser/binding-darwin-x64@0.8.3':
    optional: true

  '@yuku-parser/binding-freebsd-x64@0.8.3':
    optional: true

  '@yuku-parser/binding-linux-arm-gnu@0.8.3':
    optional: true

  '@yuku-parser/binding-linux-arm-musl@0.8.3':
    optional: true

  '@yuku-parser/binding-linux-arm64-gnu@0.8.3':
    optional: true

  '@yuku-parser/binding-linux-arm64-musl@0.8.3':
    optional: true

  '@yuku-parser/binding-linux-x64-gnu@0.8.3':
    optional: true

  '@yuku-parser/binding-linux-x64-musl@0.8.3':
    optional: true

  '@yuku-parser/binding-win32-arm64@0.8.3':
    optional: true

  '@yuku-parser/binding-win32-x64@0.8.3':
    optional: true

  '@yuku-toolchain/types@0.8.3': {}

  ansis@4.3.1: {}

  cac@7.0.0: {}

  defu@6.1.7: {}

  dts-resolver@3.0.0: {}

  empathic@2.0.1: {}

  fdir@6.5.0(picomatch@4.0.5):
    optionalDependencies:
      picomatch: 4.0.5

  get-tsconfig@5.0.0-beta.5:
    dependencies:
      resolve-pkg-maps: 1.0.0

  hookable@6.1.1: {}

  import-without-cache@0.4.0: {}

  mri@1.2.0:
    optional: true

  obug@2.1.4: {}

  package-manager-detector@1.8.0:
    optional: true

  picocolors@1.1.1:
    optional: true

  picomatch@4.0.5: {}

  publint@0.3.22:
    dependencies:
      '@publint/pack': 0.1.6
      package-manager-detector: 1.8.0
      picocolors: 1.1.1
      sade: 1.8.1
    optional: true

  quansync@1.0.0: {}

  resolve-pkg-maps@1.0.0: {}

  rolldown-plugin-dts@0.27.14(rolldown@1.2.2)(typescript@5.9.3):
    dependencies:
      dts-resolver: 3.0.0
      get-tsconfig: 5.0.0-beta.5
      obug: 2.1.4
      rolldown: 1.2.2
      yuku-ast: 0.8.3
      yuku-codegen: 0.8.3
      yuku-parser: 0.8.3
    optionalDependencies:
      typescript: 5.9.3
    transitivePeerDependencies:
      - oxc-resolver

  rolldown@1.2.2:
    dependencies:
      '@oxc-project/types': 0.142.0
      '@rolldown/pluginutils': 1.0.1
    optionalDependencies:
      '@rolldown/binding-android-arm64': 1.2.2
      '@rolldown/binding-darwin-arm64': 1.2.2
      '@rolldown/binding-darwin-x64': 1.2.2
      '@rolldown/binding-freebsd-x64': 1.2.2
      '@rolldown/binding-linux-arm-gnueabihf': 1.2.2
      '@rolldown/binding-linux-arm64-gnu': 1.2.2
      '@rolldown/binding-linux-arm64-musl': 1.2.2
      '@rolldown/binding-linux-ppc64-gnu': 1.2.2
      '@rolldown/binding-linux-s390x-gnu': 1.2.2
      '@rolldown/binding-linux-x64-gnu': 1.2.2
      '@rolldown/binding-linux-x64-musl': 1.2.2
      '@rolldown/binding-openharmony-arm64': 1.2.2
      '@rolldown/binding-win32-arm64-msvc': 1.2.2
      '@rolldown/binding-win32-x64-msvc': 1.2.2

  sade@1.8.1:
    dependencies:
      mri: 1.2.0
    optional: true

  tinyexec@1.3.0: {}

  tinyglobby@0.2.17:
    dependencies:
      fdir: 6.5.0(picomatch@4.0.5)
      picomatch: 4.0.5

  tree-kill@1.2.2: {}

  tsdown@0.22.14(publint@0.3.22)(typescript@5.9.3):
    dependencies:
      ansis: 4.3.1
      cac: 7.0.0
      defu: 6.1.7
      empathic: 2.0.1
      hookable: 6.1.1
      import-without-cache: 0.4.0
      obug: 2.1.4
      picomatch: 4.0.5
      rolldown: 1.2.2
      rolldown-plugin-dts: 0.27.14(rolldown@1.2.2)(typescript@5.9.3)
      tinyexec: 1.3.0
      tinyglobby: 0.2.17
      tree-kill: 1.2.2
      unconfig-core: 7.5.0
      verkit: 0.3.1
    optionalDependencies:
      publint: 0.3.22
      typescript: 5.9.3
    transitivePeerDependencies:
      - '@typescript/native-preview'
      - '@volar/typescript'
      - oxc-resolver
      - vue-tsc

  tslib@2.8.1: {}

  typescript@5.9.3: {}

  unconfig-core@7.5.0:
    dependencies:
      '@quansync/fs': 1.0.0
      quansync: 1.0.0

  verkit@0.3.1: {}

  yuku-ast@0.8.3:
    dependencies:
      '@yuku-toolchain/types': 0.8.3

  yuku-codegen@0.8.3:
    dependencies:
      '@yuku-toolchain/types': 0.8.3
    optionalDependencies:
      '@yuku-codegen/binding-android-arm64': 0.8.3
      '@yuku-codegen/binding-darwin-arm64': 0.8.3
      '@yuku-codegen/binding-darwin-x64': 0.8.3
      '@yuku-codegen/binding-freebsd-x64': 0.8.3
      '@yuku-codegen/binding-linux-arm-gnu': 0.8.3
      '@yuku-codegen/binding-linux-arm-musl': 0.8.3
      '@yuku-codegen/binding-linux-arm64-gnu': 0.8.3
      '@yuku-codegen/binding-linux-arm64-musl': 0.8.3
      '@yuku-codegen/binding-linux-x64-gnu': 0.8.3
      '@yuku-codegen/binding-linux-x64-musl': 0.8.3
      '@yuku-codegen/binding-win32-arm64': 0.8.3
      '@yuku-codegen/binding-win32-x64': 0.8.3

  yuku-parser@0.8.3:
    dependencies:
      '@yuku-toolchain/types': 0.8.3
      yuku-ast: 0.8.3
    optionalDependencies:
      '@yuku-parser/binding-android-arm64': 0.8.3
      '@yuku-parser/binding-darwin-arm64': 0.8.3
      '@yuku-parser/binding-darwin-x64': 0.8.3
      '@yuku-parser/binding-freebsd-x64': 0.8.3
      '@yuku-parser/binding-linux-arm-gnu': 0.8.3
      '@yuku-parser/binding-linux-arm-musl': 0.8.3
      '@yuku-parser/binding-linux-arm64-gnu': 0.8.3
      '@yuku-parser/binding-linux-arm64-musl': 0.8.3
      '@yuku-parser/binding-linux-x64-gnu': 0.8.3
      '@yuku-parser/binding-linux-x64-musl': 0.8.3
      '@yuku-parser/binding-win32-arm64': 0.8.3
      '@yuku-parser/binding-win32-x64': 0.8.3
